
Microsoft Visual Studio Solution File, Format Version 12.00
# Visual Studio Version 16
VisualStudioVersion = 16.0.30011.22
MinimumVisualStudioVersion = 10.0.40219.1
Project("{FAE04EC0-301F-11D3-BF4B-00C04F79EFBC}") = "ConsoleCallByValue", "ConsoleCallByValue\ConsoleCallByValue.csproj", "{2985552B-DC53-412B-BAE6-5008854E213D}"
EndProject
Global
	GlobalSection(SolutionConfigurationPlatforms) = preSolution
		Debug|Any CPU = Debug|Any CPU
		Release|Any CPU = Release|Any CPU
	EndGlobalSection
	GlobalSection(ProjectConfigurationPlatforms) = postSolution
		{2985552B-DC53-412B-BAE6-5008854E213D}.Debug|Any CPU.ActiveCfg = Debug|Any CPU
		{2985552B-DC53-412B-BAE6-5008854E213D}.Debug|Any CPU.Build.0 = Debug|Any CPU
		{2985552B-DC53-412B-BAE6-5008854E213D}.Release|Any CPU.ActiveCfg = Release|Any CPU
		{2985552B-DC53-412B-BAE6-5008854E213D}.Release|Any CPU.Build.0 = Release|Any CPU
	EndGlobalSection
	GlobalSection(SolutionProperties) = preSolution
		HideSolutionNode = FALSE
	EndGlobalSection
	GlobalSection(ExtensibilityGlobals) = postSolution
		SolutionGuid = {0EC83D48-AE35-4F26-8FAC-98EAAC01EEC4}
	EndGlobalSection
EndGlobal
