
Microsoft Visual Studio Solution File, Format Version 12.00
# Visual Studio Version 16
VisualStudioVersion = 16.0.30011.22
MinimumVisualStudioVersion = 10.0.40219.1
Project("{FAE04EC0-301F-11D3-BF4B-00C04F79EFBC}") = "ConsoleAppOOP", "ConsoleAppOOP\ConsoleAppOOP.csproj", "{88800FDB-7646-4F7F-BDE9-E05B185449BE}"
EndProject
Global
	GlobalSection(SolutionConfigurationPlatforms) = preSolution
		Debug|Any CPU = Debug|Any CPU
		Release|Any CPU = Release|Any CPU
	EndGlobalSection
	GlobalSection(ProjectConfigurationPlatforms) = postSolution
		{88800FDB-7646-4F7F-BDE9-E05B185449BE}.Debug|Any CPU.ActiveCfg = Debug|Any CPU
		{88800FDB-7646-4F7F-BDE9-E05B185449BE}.Debug|Any CPU.Build.0 = Debug|Any CPU
		{88800FDB-7646-4F7F-BDE9-E05B185449BE}.Release|Any CPU.ActiveCfg = Release|Any CPU
		{88800FDB-7646-4F7F-BDE9-E05B185449BE}.Release|Any CPU.Build.0 = Release|Any CPU
	EndGlobalSection
	GlobalSection(SolutionProperties) = preSolution
		HideSolutionNode = FALSE
	EndGlobalSection
	GlobalSection(ExtensibilityGlobals) = postSolution
		SolutionGuid = {5EF5C07B-5A15-496A-BD1B-949592FAE44B}
	EndGlobalSection
EndGlobal
