
Microsoft Visual Studio Solution File, Format Version 12.00
# Visual Studio Version 16
VisualStudioVersion = 16.0.30011.22
MinimumVisualStudioVersion = 10.0.40219.1
Project("{FAE04EC0-301F-11D3-BF4B-00C04F79EFBC}") = "StringToOthers", "StringToOthers\StringToOthers.csproj", "{EA2DCCDF-98D0-4E14-9DB2-587C891F2991}"
EndProject
Global
	GlobalSection(SolutionConfigurationPlatforms) = preSolution
		Debug|Any CPU = Debug|Any CPU
		Release|Any CPU = Release|Any CPU
	EndGlobalSection
	GlobalSection(ProjectConfigurationPlatforms) = postSolution
		{EA2DCCDF-98D0-4E14-9DB2-587C891F2991}.Debug|Any CPU.ActiveCfg = Debug|Any CPU
		{EA2DCCDF-98D0-4E14-9DB2-587C891F2991}.Debug|Any CPU.Build.0 = Debug|Any CPU
		{EA2DCCDF-98D0-4E14-9DB2-587C891F2991}.Release|Any CPU.ActiveCfg = Release|Any CPU
		{EA2DCCDF-98D0-4E14-9DB2-587C891F2991}.Release|Any CPU.Build.0 = Release|Any CPU
	EndGlobalSection
	GlobalSection(SolutionProperties) = preSolution
		HideSolutionNode = FALSE
	EndGlobalSection
	GlobalSection(ExtensibilityGlobals) = postSolution
		SolutionGuid = {22E4F8CB-8FB5-480C-B36C-E313C4AF0A5C}
	EndGlobalSection
EndGlobal
