
Microsoft Visual Studio Solution File, Format Version 12.00
# Visual Studio Version 16
VisualStudioVersion = 16.0.30011.22
MinimumVisualStudioVersion = 10.0.40219.1
Project("{FAE04EC0-301F-11D3-BF4B-00C04F79EFBC}") = "ConsoleAppInterface", "ConsoleAppInterface\ConsoleAppInterface.csproj", "{355FAC0B-5324-4BC4-9871-731D8EA280BD}"
EndProject
Global
	GlobalSection(SolutionConfigurationPlatforms) = preSolution
		Debug|Any CPU = Debug|Any CPU
		Release|Any CPU = Release|Any CPU
	EndGlobalSection
	GlobalSection(ProjectConfigurationPlatforms) = postSolution
		{355FAC0B-5324-4BC4-9871-731D8EA280BD}.Debug|Any CPU.ActiveCfg = Debug|Any CPU
		{355FAC0B-5324-4BC4-9871-731D8EA280BD}.Debug|Any CPU.Build.0 = Debug|Any CPU
		{355FAC0B-5324-4BC4-9871-731D8EA280BD}.Release|Any CPU.ActiveCfg = Release|Any CPU
		{355FAC0B-5324-4BC4-9871-731D8EA280BD}.Release|Any CPU.Build.0 = Release|Any CPU
	EndGlobalSection
	GlobalSection(SolutionProperties) = preSolution
		HideSolutionNode = FALSE
	EndGlobalSection
	GlobalSection(ExtensibilityGlobals) = postSolution
		SolutionGuid = {F74B63B7-68AC-4BAD-B0F1-586B092C42D8}
	EndGlobalSection
EndGlobal
