
Microsoft Visual Studio Solution File, Format Version 12.00
# Visual Studio Version 16
VisualStudioVersion = 16.0.30011.22
MinimumVisualStudioVersion = 10.0.40219.1
Project("{FAE04EC0-301F-11D3-BF4B-00C04F79EFBC}") = "SwitchCase", "SwitchCase\SwitchCase.csproj", "{5143CEF6-0202-4E16-A2E5-04786A06460C}"
EndProject
Global
	GlobalSection(SolutionConfigurationPlatforms) = preSolution
		Debug|Any CPU = Debug|Any CPU
		Release|Any CPU = Release|Any CPU
	EndGlobalSection
	GlobalSection(ProjectConfigurationPlatforms) = postSolution
		{5143CEF6-0202-4E16-A2E5-04786A06460C}.Debug|Any CPU.ActiveCfg = Debug|Any CPU
		{5143CEF6-0202-4E16-A2E5-04786A06460C}.Debug|Any CPU.Build.0 = Debug|Any CPU
		{5143CEF6-0202-4E16-A2E5-04786A06460C}.Release|Any CPU.ActiveCfg = Release|Any CPU
		{5143CEF6-0202-4E16-A2E5-04786A06460C}.Release|Any CPU.Build.0 = Release|Any CPU
	EndGlobalSection
	GlobalSection(SolutionProperties) = preSolution
		HideSolutionNode = FALSE
	EndGlobalSection
	GlobalSection(ExtensibilityGlobals) = postSolution
		SolutionGuid = {9CAEFACF-DA1A-4549-BD73-452E8E2297CC}
	EndGlobalSection
EndGlobal
