
Microsoft Visual Studio Solution File, Format Version 12.00
# Visual Studio Version 16
VisualStudioVersion = 16.0.30011.22
MinimumVisualStudioVersion = 10.0.40219.1
Project("{FAE04EC0-301F-11D3-BF4B-00C04F79EFBC}") = "String", "String\String.csproj", "{5230DDA0-3F66-4903-904A-D7D8229CD016}"
EndProject
Global
	GlobalSection(SolutionConfigurationPlatforms) = preSolution
		Debug|Any CPU = Debug|Any CPU
		Release|Any CPU = Release|Any CPU
	EndGlobalSection
	GlobalSection(ProjectConfigurationPlatforms) = postSolution
		{5230DDA0-3F66-4903-904A-D7D8229CD016}.Debug|Any CPU.ActiveCfg = Debug|Any CPU
		{5230DDA0-3F66-4903-904A-D7D8229CD016}.Debug|Any CPU.Build.0 = Debug|Any CPU
		{5230DDA0-3F66-4903-904A-D7D8229CD016}.Release|Any CPU.ActiveCfg = Release|Any CPU
		{5230DDA0-3F66-4903-904A-D7D8229CD016}.Release|Any CPU.Build.0 = Release|Any CPU
	EndGlobalSection
	GlobalSection(SolutionProperties) = preSolution
		HideSolutionNode = FALSE
	EndGlobalSection
	GlobalSection(ExtensibilityGlobals) = postSolution
		SolutionGuid = {ED9AEFCB-39F8-4FD8-A175-667B598E6907}
	EndGlobalSection
EndGlobal
