
Microsoft Visual Studio Solution File, Format Version 12.00
# Visual Studio Version 16
VisualStudioVersion = 16.0.30011.22
MinimumVisualStudioVersion = 10.0.40219.1
Project("{FAE04EC0-301F-11D3-BF4B-00C04F79EFBC}") = "Emplyees Database", "Emplyees Database\Emplyees Database.csproj", "{19CD9F91-BF6D-4E65-8099-ADA11BC2BA71}"
EndProject
Global
	GlobalSection(SolutionConfigurationPlatforms) = preSolution
		Debug|Any CPU = Debug|Any CPU
		Release|Any CPU = Release|Any CPU
	EndGlobalSection
	GlobalSection(ProjectConfigurationPlatforms) = postSolution
		{19CD9F91-BF6D-4E65-8099-ADA11BC2BA71}.Debug|Any CPU.ActiveCfg = Debug|Any CPU
		{19CD9F91-BF6D-4E65-8099-ADA11BC2BA71}.Debug|Any CPU.Build.0 = Debug|Any CPU
		{19CD9F91-BF6D-4E65-8099-ADA11BC2BA71}.Release|Any CPU.ActiveCfg = Release|Any CPU
		{19CD9F91-BF6D-4E65-8099-ADA11BC2BA71}.Release|Any CPU.Build.0 = Release|Any CPU
	EndGlobalSection
	GlobalSection(SolutionProperties) = preSolution
		HideSolutionNode = FALSE
	EndGlobalSection
	GlobalSection(ExtensibilityGlobals) = postSolution
		SolutionGuid = {F6035D9B-9CA2-44A2-893D-EA90A34B441B}
	EndGlobalSection
EndGlobal
