
Microsoft Visual Studio Solution File, Format Version 12.00
# Visual Studio Version 16
VisualStudioVersion = 16.0.30011.22
MinimumVisualStudioVersion = 10.0.40219.1
Project("{FAE04EC0-301F-11D3-BF4B-00C04F79EFBC}") = "ConsoleAppStruct", "ConsoleAppStruct\ConsoleAppStruct.csproj", "{8D5B757D-1D80-4FB5-A95E-B9D2EA22D9F7}"
EndProject
Global
	GlobalSection(SolutionConfigurationPlatforms) = preSolution
		Debug|Any CPU = Debug|Any CPU
		Release|Any CPU = Release|Any CPU
	EndGlobalSection
	GlobalSection(ProjectConfigurationPlatforms) = postSolution
		{8D5B757D-1D80-4FB5-A95E-B9D2EA22D9F7}.Debug|Any CPU.ActiveCfg = Debug|Any CPU
		{8D5B757D-1D80-4FB5-A95E-B9D2EA22D9F7}.Debug|Any CPU.Build.0 = Debug|Any CPU
		{8D5B757D-1D80-4FB5-A95E-B9D2EA22D9F7}.Release|Any CPU.ActiveCfg = Release|Any CPU
		{8D5B757D-1D80-4FB5-A95E-B9D2EA22D9F7}.Release|Any CPU.Build.0 = Release|Any CPU
	EndGlobalSection
	GlobalSection(SolutionProperties) = preSolution
		HideSolutionNode = FALSE
	EndGlobalSection
	GlobalSection(ExtensibilityGlobals) = postSolution
		SolutionGuid = {ACFCE386-B5DC-4F07-A78F-BAE914137BD2}
	EndGlobalSection
EndGlobal
