
Microsoft Visual Studio Solution File, Format Version 12.00
# Visual Studio Version 16
VisualStudioVersion = 16.0.30011.22
MinimumVisualStudioVersion = 10.0.40219.1
Project("{FAE04EC0-301F-11D3-BF4B-00C04F79EFBC}") = "ConsoleAppException", "ConsoleAppException\ConsoleAppException.csproj", "{60F56DB0-30D9-4E56-9C92-3DE737B131C8}"
EndProject
Global
	GlobalSection(SolutionConfigurationPlatforms) = preSolution
		Debug|Any CPU = Debug|Any CPU
		Release|Any CPU = Release|Any CPU
	EndGlobalSection
	GlobalSection(ProjectConfigurationPlatforms) = postSolution
		{60F56DB0-30D9-4E56-9C92-3DE737B131C8}.Debug|Any CPU.ActiveCfg = Debug|Any CPU
		{60F56DB0-30D9-4E56-9C92-3DE737B131C8}.Debug|Any CPU.Build.0 = Debug|Any CPU
		{60F56DB0-30D9-4E56-9C92-3DE737B131C8}.Release|Any CPU.ActiveCfg = Release|Any CPU
		{60F56DB0-30D9-4E56-9C92-3DE737B131C8}.Release|Any CPU.Build.0 = Release|Any CPU
	EndGlobalSection
	GlobalSection(SolutionProperties) = preSolution
		HideSolutionNode = FALSE
	EndGlobalSection
	GlobalSection(ExtensibilityGlobals) = postSolution
		SolutionGuid = {566248FE-1A5D-4D24-A10C-327088CEDC2C}
	EndGlobalSection
EndGlobal
