
Microsoft Visual Studio Solution File, Format Version 12.00
# Visual Studio Version 16
VisualStudioVersion = 16.0.30011.22
MinimumVisualStudioVersion = 10.0.40219.1
Project("{FAE04EC0-301F-11D3-BF4B-00C04F79EFBC}") = "ConsoleWhileLoop", "ConsoleWhileLoop\ConsoleWhileLoop.csproj", "{A025CBDB-CD95-4FB5-A48B-37FBD0D8C932}"
EndProject
Global
	GlobalSection(SolutionConfigurationPlatforms) = preSolution
		Debug|Any CPU = Debug|Any CPU
		Release|Any CPU = Release|Any CPU
	EndGlobalSection
	GlobalSection(ProjectConfigurationPlatforms) = postSolution
		{A025CBDB-CD95-4FB5-A48B-37FBD0D8C932}.Debug|Any CPU.ActiveCfg = Debug|Any CPU
		{A025CBDB-CD95-4FB5-A48B-37FBD0D8C932}.Debug|Any CPU.Build.0 = Debug|Any CPU
		{A025CBDB-CD95-4FB5-A48B-37FBD0D8C932}.Release|Any CPU.ActiveCfg = Release|Any CPU
		{A025CBDB-CD95-4FB5-A48B-37FBD0D8C932}.Release|Any CPU.Build.0 = Release|Any CPU
	EndGlobalSection
	GlobalSection(SolutionProperties) = preSolution
		HideSolutionNode = FALSE
	EndGlobalSection
	GlobalSection(ExtensibilityGlobals) = postSolution
		SolutionGuid = {CA2326C4-EF09-4C9D-9226-FC7232F2DFB1}
	EndGlobalSection
EndGlobal
