
Microsoft Visual Studio Solution File, Format Version 12.00
# Visual Studio Version 16
VisualStudioVersion = 16.0.30011.22
MinimumVisualStudioVersion = 10.0.40219.1
Project("{FAE04EC0-301F-11D3-BF4B-00C04F79EFBC}") = "Collections_Queue1", "Collections_Queue1\Collections_Queue1.csproj", "{27A66477-F498-41CC-9B22-73D2BC1C2277}"
EndProject
Global
	GlobalSection(SolutionConfigurationPlatforms) = preSolution
		Debug|Any CPU = Debug|Any CPU
		Release|Any CPU = Release|Any CPU
	EndGlobalSection
	GlobalSection(ProjectConfigurationPlatforms) = postSolution
		{27A66477-F498-41CC-9B22-73D2BC1C2277}.Debug|Any CPU.ActiveCfg = Debug|Any CPU
		{27A66477-F498-41CC-9B22-73D2BC1C2277}.Debug|Any CPU.Build.0 = Debug|Any CPU
		{27A66477-F498-41CC-9B22-73D2BC1C2277}.Release|Any CPU.ActiveCfg = Release|Any CPU
		{27A66477-F498-41CC-9B22-73D2BC1C2277}.Release|Any CPU.Build.0 = Release|Any CPU
	EndGlobalSection
	GlobalSection(SolutionProperties) = preSolution
		HideSolutionNode = FALSE
	EndGlobalSection
	GlobalSection(ExtensibilityGlobals) = postSolution
		SolutionGuid = {E65FA05D-045A-47A9-8079-35EE1F2CF2EB}
	EndGlobalSection
EndGlobal
