
Microsoft Visual Studio Solution File, Format Version 12.00
# Visual Studio Version 16
VisualStudioVersion = 16.0.30011.22
MinimumVisualStudioVersion = 10.0.40219.1
Project("{FAE04EC0-301F-11D3-BF4B-00C04F79EFBC}") = "WpfApp1", "WpfApp1\WpfApp1.csproj", "{C4BFA86A-7117-4752-83F4-7FDF0AE2BCAA}"
EndProject
Global
	GlobalSection(SolutionConfigurationPlatforms) = preSolution
		Debug|Any CPU = Debug|Any CPU
		Release|Any CPU = Release|Any CPU
	EndGlobalSection
	GlobalSection(ProjectConfigurationPlatforms) = postSolution
		{C4BFA86A-7117-4752-83F4-7FDF0AE2BCAA}.Debug|Any CPU.ActiveCfg = Debug|Any CPU
		{C4BFA86A-7117-4752-83F4-7FDF0AE2BCAA}.Debug|Any CPU.Build.0 = Debug|Any CPU
		{C4BFA86A-7117-4752-83F4-7FDF0AE2BCAA}.Release|Any CPU.ActiveCfg = Release|Any CPU
		{C4BFA86A-7117-4752-83F4-7FDF0AE2BCAA}.Release|Any CPU.Build.0 = Release|Any CPU
	EndGlobalSection
	GlobalSection(SolutionProperties) = preSolution
		HideSolutionNode = FALSE
	EndGlobalSection
	GlobalSection(ExtensibilityGlobals) = postSolution
		SolutionGuid = {90DAB02B-618B-487D-A77A-C576E26DD30A}
	EndGlobalSection
EndGlobal
