
Microsoft Visual Studio Solution File, Format Version 12.00
# Visual Studio Version 16
VisualStudioVersion = 16.0.30011.22
MinimumVisualStudioVersion = 10.0.40219.1
Project("{FAE04EC0-301F-11D3-BF4B-00C04F79EFBC}") = "Operators", "Operators\Operators.csproj", "{665EA72D-49A7-4F96-A33A-A8F616C61807}"
EndProject
Global
	GlobalSection(SolutionConfigurationPlatforms) = preSolution
		Debug|Any CPU = Debug|Any CPU
		Release|Any CPU = Release|Any CPU
	EndGlobalSection
	GlobalSection(ProjectConfigurationPlatforms) = postSolution
		{665EA72D-49A7-4F96-A33A-A8F616C61807}.Debug|Any CPU.ActiveCfg = Debug|Any CPU
		{665EA72D-49A7-4F96-A33A-A8F616C61807}.Debug|Any CPU.Build.0 = Debug|Any CPU
		{665EA72D-49A7-4F96-A33A-A8F616C61807}.Release|Any CPU.ActiveCfg = Release|Any CPU
		{665EA72D-49A7-4F96-A33A-A8F616C61807}.Release|Any CPU.Build.0 = Release|Any CPU
	EndGlobalSection
	GlobalSection(SolutionProperties) = preSolution
		HideSolutionNode = FALSE
	EndGlobalSection
	GlobalSection(ExtensibilityGlobals) = postSolution
		SolutionGuid = {22458032-07F3-4677-8A3C-5E946E973677}
	EndGlobalSection
EndGlobal
