
Microsoft Visual Studio Solution File, Format Version 12.00
# Visual Studio Version 16
VisualStudioVersion = 16.0.30011.22
MinimumVisualStudioVersion = 10.0.40219.1
Project("{FAE04EC0-301F-11D3-BF4B-00C04F79EFBC}") = "ConsoleAppSealed", "ConsoleAppSealed\ConsoleAppSealed.csproj", "{AB7FFB96-57F0-45F8-A049-A419815C9E43}"
EndProject
Global
	GlobalSection(SolutionConfigurationPlatforms) = preSolution
		Debug|Any CPU = Debug|Any CPU
		Release|Any CPU = Release|Any CPU
	EndGlobalSection
	GlobalSection(ProjectConfigurationPlatforms) = postSolution
		{AB7FFB96-57F0-45F8-A049-A419815C9E43}.Debug|Any CPU.ActiveCfg = Debug|Any CPU
		{AB7FFB96-57F0-45F8-A049-A419815C9E43}.Debug|Any CPU.Build.0 = Debug|Any CPU
		{AB7FFB96-57F0-45F8-A049-A419815C9E43}.Release|Any CPU.ActiveCfg = Release|Any CPU
		{AB7FFB96-57F0-45F8-A049-A419815C9E43}.Release|Any CPU.Build.0 = Release|Any CPU
	EndGlobalSection
	GlobalSection(SolutionProperties) = preSolution
		HideSolutionNode = FALSE
	EndGlobalSection
	GlobalSection(ExtensibilityGlobals) = postSolution
		SolutionGuid = {4D546E16-94B7-49E9-AD8F-75833FC435CC}
	EndGlobalSection
EndGlobal
