
Microsoft Visual Studio Solution File, Format Version 12.00
# Visual Studio Version 16
VisualStudioVersion = 16.0.30011.22
MinimumVisualStudioVersion = 10.0.40219.1
Project("{FAE04EC0-301F-11D3-BF4B-00C04F79EFBC}") = "WpfAppListView", "WpfAppListView\WpfAppListView.csproj", "{065D3DD1-D455-47F2-8F0D-BFAF4806C892}"
EndProject
Global
	GlobalSection(SolutionConfigurationPlatforms) = preSolution
		Debug|Any CPU = Debug|Any CPU
		Release|Any CPU = Release|Any CPU
	EndGlobalSection
	GlobalSection(ProjectConfigurationPlatforms) = postSolution
		{065D3DD1-D455-47F2-8F0D-BFAF4806C892}.Debug|Any CPU.ActiveCfg = Debug|Any CPU
		{065D3DD1-D455-47F2-8F0D-BFAF4806C892}.Debug|Any CPU.Build.0 = Debug|Any CPU
		{065D3DD1-D455-47F2-8F0D-BFAF4806C892}.Release|Any CPU.ActiveCfg = Release|Any CPU
		{065D3DD1-D455-47F2-8F0D-BFAF4806C892}.Release|Any CPU.Build.0 = Release|Any CPU
	EndGlobalSection
	GlobalSection(SolutionProperties) = preSolution
		HideSolutionNode = FALSE
	EndGlobalSection
	GlobalSection(ExtensibilityGlobals) = postSolution
		SolutionGuid = {D65BEB91-6697-4182-962A-EC31DF72A2C2}
	EndGlobalSection
EndGlobal
